
Microsoft Visual Studio Solution File, Format Version 12.00
# Visual Studio Version 17
VisualStudioVersion = 17.2.32602.215
MinimumVisualStudioVersion = 10.0.40219.1
Project("{FAE04EC0-301F-11D3-BF4B-00C04F79EFBC}") = "NewsAnalyzer", "NewsAnalyzer\NewsAnalyzer.csproj", "{AEA9DCA1-278E-4235-B2BC-D77673032125}"
EndProject
Global
	GlobalSection(SolutionConfigurationPlatforms) = preSolution
		Debug|Any CPU = Debug|Any CPU
		Release|Any CPU = Release|Any CPU
	EndGlobalSection
	GlobalSection(ProjectConfigurationPlatforms) = postSolution
		{AEA9DCA1-278E-4235-B2BC-D77673032125}.Debug|Any CPU.ActiveCfg = Debug|Any CPU
		{AEA9DCA1-278E-4235-B2BC-D77673032125}.Debug|Any CPU.Build.0 = Debug|Any CPU
		{AEA9DCA1-278E-4235-B2BC-D77673032125}.Release|Any CPU.ActiveCfg = Release|Any CPU
		{AEA9DCA1-278E-4235-B2BC-D77673032125}.Release|Any CPU.Build.0 = Release|Any CPU
	EndGlobalSection
	GlobalSection(SolutionProperties) = preSolution
		HideSolutionNode = FALSE
	EndGlobalSection
	GlobalSection(ExtensibilityGlobals) = postSolution
		SolutionGuid = {195C1212-357A-44B2-A856-43A199B6681D}
	EndGlobalSection
EndGlobal
